
Microsoft Visual Studio Solution File, Format Version 12.00
# Visual Studio Version 17
VisualStudioVersion = 17.5.33502.453
MinimumVisualStudioVersion = 10.0.40219.1
Project("{FAE04EC0-301F-11D3-BF4B-00C04F79EFBC}") = "StoredWebApplication", "StoredWebApplication.csproj", "{C8DD028F-C5F0-45C3-BFD1-CFCEF916AABC}"
EndProject
Global
	GlobalSection(SolutionConfigurationPlatforms) = preSolution
		Debug|Any CPU = Debug|Any CPU
		Release|Any CPU = Release|Any CPU
	EndGlobalSection
	GlobalSection(ProjectConfigurationPlatforms) = postSolution
		{C8DD028F-C5F0-45C3-BFD1-CFCEF916AABC}.Debug|Any CPU.ActiveCfg = Debug|Any CPU
		{C8DD028F-C5F0-45C3-BFD1-CFCEF916AABC}.Debug|Any CPU.Build.0 = Debug|Any CPU
		{C8DD028F-C5F0-45C3-BFD1-CFCEF916AABC}.Release|Any CPU.ActiveCfg = Release|Any CPU
		{C8DD028F-C5F0-45C3-BFD1-CFCEF916AABC}.Release|Any CPU.Build.0 = Release|Any CPU
	EndGlobalSection
	GlobalSection(SolutionProperties) = preSolution
		HideSolutionNode = FALSE
	EndGlobalSection
	GlobalSection(ExtensibilityGlobals) = postSolution
		SolutionGuid = {CBD83076-3449-46B1-8F2F-497E1EF048A0}
	EndGlobalSection
EndGlobal
