
Microsoft Visual Studio Solution File, Format Version 12.00
# Visual Studio Version 17
VisualStudioVersion = 17.5.33502.453
MinimumVisualStudioVersion = 10.0.40219.1
Project("{FAE04EC0-301F-11D3-BF4B-00C04F79EFBC}") = "StoredProcedureWebApplication", "StoredProcedureWebApplication.csproj", "{4104EF9B-6C94-477D-9E23-905D1CE2339B}"
EndProject
Global
	GlobalSection(SolutionConfigurationPlatforms) = preSolution
		Debug|Any CPU = Debug|Any CPU
		Release|Any CPU = Release|Any CPU
	EndGlobalSection
	GlobalSection(ProjectConfigurationPlatforms) = postSolution
		{4104EF9B-6C94-477D-9E23-905D1CE2339B}.Debug|Any CPU.ActiveCfg = Debug|Any CPU
		{4104EF9B-6C94-477D-9E23-905D1CE2339B}.Debug|Any CPU.Build.0 = Debug|Any CPU
		{4104EF9B-6C94-477D-9E23-905D1CE2339B}.Release|Any CPU.ActiveCfg = Release|Any CPU
		{4104EF9B-6C94-477D-9E23-905D1CE2339B}.Release|Any CPU.Build.0 = Release|Any CPU
	EndGlobalSection
	GlobalSection(SolutionProperties) = preSolution
		HideSolutionNode = FALSE
	EndGlobalSection
	GlobalSection(ExtensibilityGlobals) = postSolution
		SolutionGuid = {1D7AB473-E037-4D09-ADA4-4CFB23CADD10}
	EndGlobalSection
EndGlobal
